
Microsoft Visual Studio Solution File, Format Version 12.00
# Visual Studio Version 16
VisualStudioVersion = 16.0.31129.286
MinimumVisualStudioVersion = 10.0.40219.1
Project("{FAE04EC0-301F-11D3-BF4B-00C04F79EFBC}") = "MyResume-Asp", "MyResume-Asp\MyResume-Asp.csproj", "{27B68294-5BE6-44DB-A8CE-1D10E0645B2D}"
EndProject
Global
	GlobalSection(SolutionConfigurationPlatforms) = preSolution
		Debug|Any CPU = Debug|Any CPU
		Release|Any CPU = Release|Any CPU
	EndGlobalSection
	GlobalSection(ProjectConfigurationPlatforms) = postSolution
		{27B68294-5BE6-44DB-A8CE-1D10E0645B2D}.Debug|Any CPU.ActiveCfg = Debug|Any CPU
		{27B68294-5BE6-44DB-A8CE-1D10E0645B2D}.Debug|Any CPU.Build.0 = Debug|Any CPU
		{27B68294-5BE6-44DB-A8CE-1D10E0645B2D}.Release|Any CPU.ActiveCfg = Release|Any CPU
		{27B68294-5BE6-44DB-A8CE-1D10E0645B2D}.Release|Any CPU.Build.0 = Release|Any CPU
	EndGlobalSection
	GlobalSection(SolutionProperties) = preSolution
		HideSolutionNode = FALSE
	EndGlobalSection
	GlobalSection(ExtensibilityGlobals) = postSolution
		SolutionGuid = {46E81325-D724-4FF4-AA8C-50BC5B275977}
	EndGlobalSection
EndGlobal
